// !$*UTF8*$!
{
	archiveVersion = 1;
	classes = {
	};
	objectVersion = 77;
	objects = {

/* Begin PBXBuildFile section */
		063AE3313007DC4800503360 /* Amplify in Frameworks */ = {isa = PBXBuildFile; productRef = 063AE3303007DC4800503360 /* Amplify */; };
		063AE3333007DC4800503360 /* AmplifyFirehoseClient in Frameworks */ = {isa = PBXBuildFile; productRef = 063AE3323007DC4800503360 /* AmplifyFirehoseClient */; };
		063AE3353007DC4800503360 /* AmplifyFoundation in Frameworks */ = {isa = PBXBuildFile; productRef = 063AE3343007DC4800503360 /* AmplifyFoundation */; };
		063AE3373007DC4800503360 /* AmplifyFoundationBridge in Frameworks */ = {isa = PBXBuildFile; productRef = 063AE3363007DC4800503360 /* AmplifyFoundationBridge */; };
		063AE3393007DC4800503360 /* AmplifyKinesisClient in Frameworks */ = {isa = PBXBuildFile; productRef = 063AE3383007DC4800503360 /* AmplifyKinesisClient */; };
		063AE33B3007DC4800503360 /* AWSAPIPlugin in Frameworks */ = {isa = PBXBuildFile; productRef = 063AE33A3007DC4800503360 /* AWSAPIPlugin */; };
		063AE33D3007DC4800503360 /* AWSCloudWatchLoggingPlugin in Frameworks */ = {isa = PBXBuildFile; productRef = 063AE33C3007DC4800503360 /* AWSCloudWatchLoggingPlugin */; };
		063AE33F3007DC4800503360 /* AWSCognitoAuthPlugin in Frameworks */ = {isa = PBXBuildFile; productRef = 063AE33E3007DC4800503360 /* AWSCognitoAuthPlugin */; };
		063AE3413007DC4800503360 /* AWSDataStorePlugin in Frameworks */ = {isa = PBXBuildFile; productRef = 063AE3403007DC4800503360 /* AWSDataStorePlugin */; };
		063AE3433007DC4800503360 /* AWSLocationGeoPlugin in Frameworks */ = {isa = PBXBuildFile; productRef = 063AE3423007DC4800503360 /* AWSLocationGeoPlugin */; };
		063AE3453007DC4800503360 /* AWSPinpointAnalyticsPlugin in Frameworks */ = {isa = PBXBuildFile; productRef = 063AE3443007DC4800503360 /* AWSPinpointAnalyticsPlugin */; };
		063AE3473007DC4800503360 /* AWSPinpointPushNotificationsPlugin in Frameworks */ = {isa = PBXBuildFile; productRef = 063AE3463007DC4800503360 /* AWSPinpointPushNotificationsPlugin */; };
		063AE3493007DC4800503360 /* AWSPluginsCore in Frameworks */ = {isa = PBXBuildFile; productRef = 063AE3483007DC4800503360 /* AWSPluginsCore */; };
		063AE34B3007DC4800503360 /* AWSPredictionsPlugin in Frameworks */ = {isa = PBXBuildFile; productRef = 063AE34A3007DC4800503360 /* AWSPredictionsPlugin */; };
		063AE34D3007DC4800503360 /* AWSS3StoragePlugin in Frameworks */ = {isa = PBXBuildFile; productRef = 063AE34C3007DC4800503360 /* AWSS3StoragePlugin */; };
		063AE34F3007DC4800503360 /* CoreMLPredictionsPlugin in Frameworks */ = {isa = PBXBuildFile; productRef = 063AE34E3007DC4800503360 /* CoreMLPredictionsPlugin */; };
/* End PBXBuildFile section */

/* Begin PBXFileReference section */
		076465F88CB39672DD99DEB1 /* shop-mobile.app */ = {isa = PBXFileReference; explicitFileType = wrapper.application; includeInIndex = 0; path = "shop-mobile.app"; sourceTree = BUILT_PRODUCTS_DIR; };
/* End PBXFileReference section */

/* Begin PBXFileSystemSynchronizedBuildFileExceptionSet section */
		08C434DC6F4299BDF937363E /* Exceptions for "iosApp" folder in "iosApp" target */ = {
			isa = PBXFileSystemSynchronizedBuildFileExceptionSet;
			membershipExceptions = (
				Info.plist,
			);
			target = 18260DDCCE3D4D353FF6FCA8 /* iosApp */;
		};
/* End PBXFileSystemSynchronizedBuildFileExceptionSet section */

/* Begin PBXFileSystemSynchronizedRootGroup section */
		482B5EBE8D4E540F5EA05CB0 /* iosApp */ = {
			isa = PBXFileSystemSynchronizedRootGroup;
			exceptions = (
				08C434DC6F4299BDF937363E /* Exceptions for "iosApp" folder in "iosApp" target */,
			);
			path = iosApp;
			sourceTree = "<group>";
		};
		D5D32B0F2B9959E8F1BA61C1 /* Configuration */ = {
			isa = PBXFileSystemSynchronizedRootGroup;
			path = Configuration;
			sourceTree = "<group>";
		};
/* End PBXFileSystemSynchronizedRootGroup section */

/* Begin PBXFrameworksBuildPhase section */
		5055FE4CC96A6C81D6EBEE71 /* Frameworks */ = {
			isa = PBXFrameworksBuildPhase;
			buildActionMask = 2147483647;
			files = (
				063AE33B3007DC4800503360 /* AWSAPIPlugin in Frameworks */,
				063AE3313007DC4800503360 /* Amplify in Frameworks */,
				063AE3373007DC4800503360 /* AmplifyFoundationBridge in Frameworks */,
				063AE3413007DC4800503360 /* AWSDataStorePlugin in Frameworks */,
				063AE3493007DC4800503360 /* AWSPluginsCore in Frameworks */,
				063AE34D3007DC4800503360 /* AWSS3StoragePlugin in Frameworks */,
				063AE33F3007DC4800503360 /* AWSCognitoAuthPlugin in Frameworks */,
				063AE3333007DC4800503360 /* AmplifyFirehoseClient in Frameworks */,
				063AE3433007DC4800503360 /* AWSLocationGeoPlugin in Frameworks */,
				063AE34B3007DC4800503360 /* AWSPredictionsPlugin in Frameworks */,
				063AE3473007DC4800503360 /* AWSPinpointPushNotificationsPlugin in Frameworks */,
				063AE3453007DC4800503360 /* AWSPinpointAnalyticsPlugin in Frameworks */,
				063AE34F3007DC4800503360 /* CoreMLPredictionsPlugin in Frameworks */,
				063AE33D3007DC4800503360 /* AWSCloudWatchLoggingPlugin in Frameworks */,
				063AE3353007DC4800503360 /* AmplifyFoundation in Frameworks */,
				063AE3393007DC4800503360 /* AmplifyKinesisClient in Frameworks */,
			);
			runOnlyForDeploymentPostprocessing = 0;
		};
/* End PBXFrameworksBuildPhase section */

/* Begin PBXGroup section */
		063AE32F3007DC4800503360 /* Frameworks */ = {
			isa = PBXGroup;
			children = (
			);
			name = Frameworks;
			sourceTree = "<group>";
		};
		46DD4C4B786672231F54DDA3 /* Products */ = {
			isa = PBXGroup;
			children = (
				076465F88CB39672DD99DEB1 /* shop-mobile.app */,
			);
			name = Products;
			sourceTree = "<group>";
		};
		B2ABDBFE19B1E8DB57A6EC7A = {
			isa = PBXGroup;
			children = (
				D5D32B0F2B9959E8F1BA61C1 /* Configuration */,
				482B5EBE8D4E540F5EA05CB0 /* iosApp */,
				063AE32F3007DC4800503360 /* Frameworks */,
				46DD4C4B786672231F54DDA3 /* Products */,
			);
			sourceTree = "<group>";
		};
/* End PBXGroup section */

/* Begin PBXNativeTarget section */
		18260DDCCE3D4D353FF6FCA8 /* iosApp */ = {
			isa = PBXNativeTarget;
			buildConfigurationList = 350415DC0AB0A56EF2EA7DEF /* Build configuration list for PBXNativeTarget "iosApp" */;
			buildPhases = (
				7B62ED03C60CCF0299E6F05C /* Compile Kotlin Framework */,
				E55C006F29B73F7A9FAEF6C3 /* Sources */,
				5055FE4CC96A6C81D6EBEE71 /* Frameworks */,
				00D6CD2FBA2BB10F4F5CFB61 /* Resources */,
			);
			buildRules = (
			);
			dependencies = (
			);
			fileSystemSynchronizedGroups = (
				482B5EBE8D4E540F5EA05CB0 /* iosApp */,
			);
			name = iosApp;
			packageProductDependencies = (
				063AE3303007DC4800503360 /* Amplify */,
				063AE3323007DC4800503360 /* AmplifyFirehoseClient */,
				063AE3343007DC4800503360 /* AmplifyFoundation */,
				063AE3363007DC4800503360 /* AmplifyFoundationBridge */,
				063AE3383007DC4800503360 /* AmplifyKinesisClient */,
				063AE33A3007DC4800503360 /* AWSAPIPlugin */,
				063AE33C3007DC4800503360 /* AWSCloudWatchLoggingPlugin */,
				063AE33E3007DC4800503360 /* AWSCognitoAuthPlugin */,
				063AE3403007DC4800503360 /* AWSDataStorePlugin */,
				063AE3423007DC4800503360 /* AWSLocationGeoPlugin */,
				063AE3443007DC4800503360 /* AWSPinpointAnalyticsPlugin */,
				063AE3463007DC4800503360 /* AWSPinpointPushNotificationsPlugin */,
				063AE3483007DC4800503360 /* AWSPluginsCore */,
				063AE34A3007DC4800503360 /* AWSPredictionsPlugin */,
				063AE34C3007DC4800503360 /* AWSS3StoragePlugin */,
				063AE34E3007DC4800503360 /* CoreMLPredictionsPlugin */,
			);
			productName = iosApp;
			productReference = 076465F88CB39672DD99DEB1 /* shop-mobile.app */;
			productType = "com.apple.product-type.application";
		};
/* End PBXNativeTarget section */

/* Begin PBXProject section */
		8BF0CD81EF8EA4C06CD45D75 /* Project object */ = {
			isa = PBXProject;
			attributes = {
				BuildIndependentTargetsInParallel = 1;
				LastSwiftUpdateCheck = 1620;
				LastUpgradeCheck = 1620;
				TargetAttributes = {
					18260DDCCE3D4D353FF6FCA8 = {
						CreatedOnToolsVersion = 16.2;
					};
				};
			};
			buildConfigurationList = 16F902A1AD156E438E3C7DA8 /* Build configuration list for PBXProject "iosApp" */;
			developmentRegion = en;
			hasScannedForEncodings = 0;
			knownRegions = (
				en,
				Base,
			);
			mainGroup = B2ABDBFE19B1E8DB57A6EC7A;
			minimizedProjectReferenceProxies = 1;
			packageReferences = (
				06AB31E73007DB3800E034E0 /* XCRemoteSwiftPackageReference "amplify-swift" */,
			);
			preferredProjectObjectVersion = 77;
			productRefGroup = 46DD4C4B786672231F54DDA3 /* Products */;
			projectDirPath = "";
			projectRoot = "";
			targets = (
				18260DDCCE3D4D353FF6FCA8 /* iosApp */,
			);
		};
/* End PBXProject section */

/* Begin PBXResourcesBuildPhase section */
		00D6CD2FBA2BB10F4F5CFB61 /* Resources */ = {
			isa = PBXResourcesBuildPhase;
			buildActionMask = 2147483647;
			files = (
			);
			runOnlyForDeploymentPostprocessing = 0;
		};
/* End PBXResourcesBuildPhase section */

/* Begin PBXShellScriptBuildPhase section */
		7B62ED03C60CCF0299E6F05C /* Compile Kotlin Framework */ = {
			isa = PBXShellScriptBuildPhase;
			alwaysOutOfDate = 1;
			buildActionMask = 2147483647;
			files = (
			);
			inputFileListPaths = (
			);
			inputPaths = (
			);
			name = "Compile Kotlin Framework";
			outputFileListPaths = (
			);
			outputPaths = (
			);
			runOnlyForDeploymentPostprocessing = 0;
			shellPath = /bin/sh;
			shellScript = "if [ \"YES\" = \"$OVERRIDE_KOTLIN_BUILD_IDE_SUPPORTED\" ]; then\n  echo \"Skipping Gradle build task invocation due to OVERRIDE_KOTLIN_BUILD_IDE_SUPPORTED environment variable set to \\\"YES\\\"\"\n  exit 0\nfi\ncd \"$SRCROOT/..\"\n./gradlew :shared:embedAndSignAppleFrameworkForXcode\n";
		};
/* End PBXShellScriptBuildPhase section */

/* Begin PBXSourcesBuildPhase section */
		E55C006F29B73F7A9FAEF6C3 /* Sources */ = {
			isa = PBXSourcesBuildPhase;
			buildActionMask = 2147483647;
			files = (
			);
			runOnlyForDeploymentPostprocessing = 0;
		};
/* End PBXSourcesBuildPhase section */

/* Begin XCBuildConfiguration section */
		54790FC3301B8D0708CC235A /* Release */ = {
			isa = XCBuildConfiguration;
			buildSettings = {
				ARCHS = arm64;
				ASSETCATALOG_COMPILER_APPICON_NAME = AppIcon;
				ASSETCATALOG_COMPILER_GLOBAL_ACCENT_COLOR_NAME = AccentColor;
				CODE_SIGN_IDENTITY = "Apple Development";
				CODE_SIGN_STYLE = Automatic;
				DEVELOPMENT_ASSET_PATHS = "\"iosApp/Preview Content\"";
				DEVELOPMENT_TEAM = "${TEAM_ID}";
				ENABLE_PREVIEWS = YES;
				GENERATE_INFOPLIST_FILE = YES;
				INFOPLIST_FILE = iosApp/Info.plist;
				INFOPLIST_KEY_UIApplicationSceneManifest_Generation = YES;
				INFOPLIST_KEY_UIApplicationSupportsIndirectInputEvents = YES;
				INFOPLIST_KEY_UILaunchScreen_Generation = YES;
				INFOPLIST_KEY_UISupportedInterfaceOrientations_iPad = "UIInterfaceOrientationPortrait UIInterfaceOrientationPortraitUpsideDown UIInterfaceOrientationLandscapeLeft UIInterfaceOrientationLandscapeRight";
				INFOPLIST_KEY_UISupportedInterfaceOrientations_iPhone = "UIInterfaceOrientationPortrait UIInterfaceOrientationLandscapeLeft UIInterfaceOrientationLandscapeRight";
				LD_RUNPATH_SEARCH_PATHS = (
					"$(inherited)",
					"@executable_path/Frameworks",
				);
				SWIFT_EMIT_LOC_STRINGS = YES;
				SWIFT_VERSION = 5.0;
				TARGETED_DEVICE_FAMILY = "1,2";
			};
			name = Release;
		};
		A9001EA987496EF6C3C0314E /* Debug */ = {
			isa = XCBuildConfiguration;
			buildSettings = {
				ARCHS = arm64;
				ASSETCATALOG_COMPILER_APPICON_NAME = AppIcon;
				ASSETCATALOG_COMPILER_GLOBAL_ACCENT_COLOR_NAME = AccentColor;
				CODE_SIGN_IDENTITY = "Apple Development";
				CODE_SIGN_STYLE = Automatic;
				DEVELOPMENT_ASSET_PATHS = "\"iosApp/Preview Content\"";
				DEVELOPMENT_TEAM = "${TEAM_ID}";
				ENABLE_PREVIEWS = YES;
				GENERATE_INFOPLIST_FILE = YES;
				INFOPLIST_FILE = iosApp/Info.plist;
				INFOPLIST_KEY_UIApplicationSceneManifest_Generation = YES;
				INFOPLIST_KEY_UIApplicationSupportsIndirectInputEvents = YES;
				INFOPLIST_KEY_UILaunchScreen_Generation = YES;
				INFOPLIST_KEY_UISupportedInterfaceOrientations_iPad = "UIInterfaceOrientationPortrait UIInterfaceOrientationPortraitUpsideDown UIInterfaceOrientationLandscapeLeft UIInterfaceOrientationLandscapeRight";
				INFOPLIST_KEY_UISupportedInterfaceOrientations_iPhone = "UIInterfaceOrientationPortrait UIInterfaceOrientationLandscapeLeft UIInterfaceOrientationLandscapeRight";
				LD_RUNPATH_SEARCH_PATHS = (
					"$(inherited)",
					"@executable_path/Frameworks",
				);
				SWIFT_EMIT_LOC_STRINGS = YES;
				SWIFT_VERSION = 5.0;
				TARGETED_DEVICE_FAMILY = "1,2";
			};
			name = Debug;
		};
		E1D7927BBA05C94D5F4B4BFB /* Debug */ = {
			isa = XCBuildConfiguration;
			baseConfigurationReferenceAnchor = D5D32B0F2B9959E8F1BA61C1 /* Configuration */;
			baseConfigurationReferenceRelativePath = Config.xcconfig;
			buildSettings = {
				ALWAYS_SEARCH_USER_PATHS = NO;
				ASSETCATALOG_COMPILER_GENERATE_SWIFT_ASSET_SYMBOL_EXTENSIONS = YES;
				CLANG_ANALYZER_NONNULL = YES;
				CLANG_ANALYZER_NUMBER_OBJECT_CONVERSION = YES_AGGRESSIVE;
				CLANG_CXX_LANGUAGE_STANDARD = "gnu++20";
				CLANG_ENABLE_MODULES = YES;
				CLANG_ENABLE_OBJC_ARC = YES;
				CLANG_ENABLE_OBJC_WEAK = YES;
				CLANG_WARN_BLOCK_CAPTURE_AUTORELEASING = YES;
				CLANG_WARN_BOOL_CONVERSION = YES;
				CLANG_WARN_COMMA = YES;
				CLANG_WARN_CONSTANT_CONVERSION = YES;
				CLANG_WARN_DEPRECATED_OBJC_IMPLEMENTATIONS = YES;
				CLANG_WARN_DIRECT_OBJC_ISA_USAGE = YES_ERROR;
				CLANG_WARN_DOCUMENTATION_COMMENTS = YES;
				CLANG_WARN_EMPTY_BODY = YES;
				CLANG_WARN_ENUM_CONVERSION = YES;
				CLANG_WARN_INFINITE_RECURSION = YES;
				CLANG_WARN_INT_CONVERSION = YES;
				CLANG_WARN_NON_LITERAL_NULL_CONVERSION = YES;
				CLANG_WARN_OBJC_IMPLICIT_RETAIN_SELF = YES;
				CLANG_WARN_OBJC_LITERAL_CONVERSION = YES;
				CLANG_WARN_OBJC_ROOT_CLASS = YES_ERROR;
				CLANG_WARN_QUOTED_INCLUDE_IN_FRAMEWORK_HEADER = YES;
				CLANG_WARN_RANGE_LOOP_ANALYSIS = YES;
				CLANG_WARN_STRICT_PROTOTYPES = YES;
				CLANG_WARN_SUSPICIOUS_MOVE = YES;
				CLANG_WARN_UNGUARDED_AVAILABILITY = YES_AGGRESSIVE;
				CLANG_WARN_UNREACHABLE_CODE = YES;
				CLANG_WARN__DUPLICATE_METHOD_MATCH = YES;
				COPY_PHASE_STRIP = NO;
				DEBUG_INFORMATION_FORMAT = dwarf;
				ENABLE_STRICT_OBJC_MSGSEND = YES;
				ENABLE_TESTABILITY = YES;
				ENABLE_USER_SCRIPT_SANDBOXING = NO;
				GCC_C_LANGUAGE_STANDARD = gnu17;
				GCC_DYNAMIC_NO_PIC = NO;
				GCC_NO_COMMON_BLOCKS = YES;
				GCC_OPTIMIZATION_LEVEL = 0;
				GCC_PREPROCESSOR_DEFINITIONS = (
					"DEBUG=1",
					"$(inherited)",
				);
				GCC_WARN_64_TO_32_BIT_CONVERSION = YES;
				GCC_WARN_ABOUT_RETURN_TYPE = YES_ERROR;
				GCC_WARN_UNDECLARED_SELECTOR = YES;
				GCC_WARN_UNINITIALIZED_AUTOS = YES_AGGRESSIVE;
				GCC_WARN_UNUSED_FUNCTION = YES;
				GCC_WARN_UNUSED_VARIABLE = YES;
				IPHONEOS_DEPLOYMENT_TARGET = 18.2;
				LOCALIZATION_PREFERS_STRING_CATALOGS = YES;
				MTL_ENABLE_DEBUG_INFO = INCLUDE_SOURCE;
				MTL_FAST_MATH = YES;
				ONLY_ACTIVE_ARCH = YES;
				SDKROOT = iphoneos;
				SWIFT_ACTIVE_COMPILATION_CONDITIONS = "DEBUG $(inherited)";
				SWIFT_OPTIMIZATION_LEVEL = "-Onone";
			};
			name = Debug;
		};
		E9479C3B82BC6694CF7FD064 /* Release */ = {
			isa = XCBuildConfiguration;
			baseConfigurationReferenceAnchor = D5D32B0F2B9959E8F1BA61C1 /* Configuration */;
			baseConfigurationReferenceRelativePath = Config.xcconfig;
			buildSettings = {
				ALWAYS_SEARCH_USER_PATHS = NO;
				ASSETCATALOG_COMPILER_GENERATE_SWIFT_ASSET_SYMBOL_EXTENSIONS = YES;
				CLANG_ANALYZER_NONNULL = YES;
				CLANG_ANALYZER_NUMBER_OBJECT_CONVERSION = YES_AGGRESSIVE;
				CLANG_CXX_LANGUAGE_STANDARD = "gnu++20";
				CLANG_ENABLE_MODULES = YES;
				CLANG_ENABLE_OBJC_ARC = YES;
				CLANG_ENABLE_OBJC_WEAK = YES;
				CLANG_WARN_BLOCK_CAPTURE_AUTORELEASING = YES;
				CLANG_WARN_BOOL_CONVERSION = YES;
				CLANG_WARN_COMMA = YES;
				CLANG_WARN_CONSTANT_CONVERSION = YES;
				CLANG_WARN_DEPRECATED_OBJC_IMPLEMENTATIONS = YES;
				CLANG_WARN_DIRECT_OBJC_ISA_USAGE = YES_ERROR;
				CLANG_WARN_DOCUMENTATION_COMMENTS = YES;
				CLANG_WARN_EMPTY_BODY = YES;
				CLANG_WARN_ENUM_CONVERSION = YES;
				CLANG_WARN_INFINITE_RECURSION = YES;
				CLANG_WARN_INT_CONVERSION = YES;
				CLANG_WARN_NON_LITERAL_NULL_CONVERSION = YES;
				CLANG_WARN_OBJC_IMPLICIT_RETAIN_SELF = YES;
				CLANG_WARN_OBJC_LITERAL_CONVERSION = YES;
				CLANG_WARN_OBJC_ROOT_CLASS = YES_ERROR;
				CLANG_WARN_QUOTED_INCLUDE_IN_FRAMEWORK_HEADER = YES;
				CLANG_WARN_RANGE_LOOP_ANALYSIS = YES;
				CLANG_WARN_STRICT_PROTOTYPES = YES;
				CLANG_WARN_SUSPICIOUS_MOVE = YES;
				CLANG_WARN_UNGUARDED_AVAILABILITY = YES_AGGRESSIVE;
				CLANG_WARN_UNREACHABLE_CODE = YES;
				CLANG_WARN__DUPLICATE_METHOD_MATCH = YES;
				COPY_PHASE_STRIP = NO;
				DEBUG_INFORMATION_FORMAT = "dwarf-with-dsym";
				ENABLE_NS_ASSERTIONS = NO;
				ENABLE_STRICT_OBJC_MSGSEND = YES;
				ENABLE_USER_SCRIPT_SANDBOXING = NO;
				GCC_C_LANGUAGE_STANDARD = gnu17;
				GCC_NO_COMMON_BLOCKS = YES;
				GCC_WARN_64_TO_32_BIT_CONVERSION = YES;
				GCC_WARN_ABOUT_RETURN_TYPE = YES_ERROR;
				GCC_WARN_UNDECLARED_SELECTOR = YES;
				GCC_WARN_UNINITIALIZED_AUTOS = YES_AGGRESSIVE;
				GCC_WARN_UNUSED_FUNCTION = YES;
				GCC_WARN_UNUSED_VARIABLE = YES;
				IPHONEOS_DEPLOYMENT_TARGET = 18.2;
				LOCALIZATION_PREFERS_STRING_CATALOGS = YES;
				MTL_ENABLE_DEBUG_INFO = NO;
				MTL_FAST_MATH = YES;
				SDKROOT = iphoneos;
				SWIFT_COMPILATION_MODE = wholemodule;
				VALIDATE_PRODUCT = YES;
			};
			name = Release;
		};
/* End XCBuildConfiguration section */

/* Begin XCConfigurationList section */
		16F902A1AD156E438E3C7DA8 /* Build configuration list for PBXProject "iosApp" */ = {
			isa = XCConfigurationList;
			buildConfigurations = (
				E1D7927BBA05C94D5F4B4BFB /* Debug */,
				E9479C3B82BC6694CF7FD064 /* Release */,
			);
			defaultConfigurationIsVisible = 0;
			defaultConfigurationName = Release;
		};
		350415DC0AB0A56EF2EA7DEF /* Build configuration list for PBXNativeTarget "iosApp" */ = {
			isa = XCConfigurationList;
			buildConfigurations = (
				A9001EA987496EF6C3C0314E /* Debug */,
				54790FC3301B8D0708CC235A /* Release */,
			);
			defaultConfigurationIsVisible = 0;
			defaultConfigurationName = Release;
		};
/* End XCConfigurationList section */

/* Begin XCRemoteSwiftPackageReference section */
		06AB31E73007DB3800E034E0 /* XCRemoteSwiftPackageReference "amplify-swift" */ = {
			isa = XCRemoteSwiftPackageReference;
			repositoryURL = "https://github.com/aws-amplify/amplify-swift";
			requirement = {
				kind = upToNextMajorVersion;
				minimumVersion = 2.58.4;
			};
		};
/* End XCRemoteSwiftPackageReference section */

/* Begin XCSwiftPackageProductDependency section */
		063AE3303007DC4800503360 /* Amplify */ = {
			isa = XCSwiftPackageProductDependency;
			package = 06AB31E73007DB3800E034E0 /* XCRemoteSwiftPackageReference "amplify-swift" */;
			productName = Amplify;
		};
		063AE3323007DC4800503360 /* AmplifyFirehoseClient */ = {
			isa = XCSwiftPackageProductDependency;
			package = 06AB31E73007DB3800E034E0 /* XCRemoteSwiftPackageReference "amplify-swift" */;
			productName = AmplifyFirehoseClient;
		};
		063AE3343007DC4800503360 /* AmplifyFoundation */ = {
			isa = XCSwiftPackageProductDependency;
			package = 06AB31E73007DB3800E034E0 /* XCRemoteSwiftPackageReference "amplify-swift" */;
			productName = AmplifyFoundation;
		};
		063AE3363007DC4800503360 /* AmplifyFoundationBridge */ = {
			isa = XCSwiftPackageProductDependency;
			package = 06AB31E73007DB3800E034E0 /* XCRemoteSwiftPackageReference "amplify-swift" */;
			productName = AmplifyFoundationBridge;
		};
		063AE3383007DC4800503360 /* AmplifyKinesisClient */ = {
			isa = XCSwiftPackageProductDependency;
			package = 06AB31E73007DB3800E034E0 /* XCRemoteSwiftPackageReference "amplify-swift" */;
			productName = AmplifyKinesisClient;
		};
		063AE33A3007DC4800503360 /* AWSAPIPlugin */ = {
			isa = XCSwiftPackageProductDependency;
			package = 06AB31E73007DB3800E034E0 /* XCRemoteSwiftPackageReference "amplify-swift" */;
			productName = AWSAPIPlugin;
		};
		063AE33C3007DC4800503360 /* AWSCloudWatchLoggingPlugin */ = {
			isa = XCSwiftPackageProductDependency;
			package = 06AB31E73007DB3800E034E0 /* XCRemoteSwiftPackageReference "amplify-swift" */;
			productName = AWSCloudWatchLoggingPlugin;
		};
		063AE33E3007DC4800503360 /* AWSCognitoAuthPlugin */ = {
			isa = XCSwiftPackageProductDependency;
			package = 06AB31E73007DB3800E034E0 /* XCRemoteSwiftPackageReference "amplify-swift" */;
			productName = AWSCognitoAuthPlugin;
		};
		063AE3403007DC4800503360 /* AWSDataStorePlugin */ = {
			isa = XCSwiftPackageProductDependency;
			package = 06AB31E73007DB3800E034E0 /* XCRemoteSwiftPackageReference "amplify-swift" */;
			productName = AWSDataStorePlugin;
		};
		063AE3423007DC4800503360 /* AWSLocationGeoPlugin */ = {
			isa = XCSwiftPackageProductDependency;
			package = 06AB31E73007DB3800E034E0 /* XCRemoteSwiftPackageReference "amplify-swift" */;
			productName = AWSLocationGeoPlugin;
		};
		063AE3443007DC4800503360 /* AWSPinpointAnalyticsPlugin */ = {
			isa = XCSwiftPackageProductDependency;
			package = 06AB31E73007DB3800E034E0 /* XCRemoteSwiftPackageReference "amplify-swift" */;
			productName = AWSPinpointAnalyticsPlugin;
		};
		063AE3463007DC4800503360 /* AWSPinpointPushNotificationsPlugin */ = {
			isa = XCSwiftPackageProductDependency;
			package = 06AB31E73007DB3800E034E0 /* XCRemoteSwiftPackageReference "amplify-swift" */;
			productName = AWSPinpointPushNotificationsPlugin;
		};
		063AE3483007DC4800503360 /* AWSPluginsCore */ = {
			isa = XCSwiftPackageProductDependency;
			package = 06AB31E73007DB3800E034E0 /* XCRemoteSwiftPackageReference "amplify-swift" */;
			productName = AWSPluginsCore;
		};
		063AE34A3007DC4800503360 /* AWSPredictionsPlugin */ = {
			isa = XCSwiftPackageProductDependency;
			package = 06AB31E73007DB3800E034E0 /* XCRemoteSwiftPackageReference "amplify-swift" */;
			productName = AWSPredictionsPlugin;
		};
		063AE34C3007DC4800503360 /* AWSS3StoragePlugin */ = {
			isa = XCSwiftPackageProductDependency;
			package = 06AB31E73007DB3800E034E0 /* XCRemoteSwiftPackageReference "amplify-swift" */;
			productName = AWSS3StoragePlugin;
		};
		063AE34E3007DC4800503360 /* CoreMLPredictionsPlugin */ = {
			isa = XCSwiftPackageProductDependency;
			package = 06AB31E73007DB3800E034E0 /* XCRemoteSwiftPackageReference "amplify-swift" */;
			productName = CoreMLPredictionsPlugin;
		};
/* End XCSwiftPackageProductDependency section */
	};
	rootObject = 8BF0CD81EF8EA4C06CD45D75 /* Project object */;
}
